
Microsoft Visual Studio Solution File, Format Version 12.00
# Visual Studio Version 17
VisualStudioVersion = 17.4.33213.308
MinimumVisualStudioVersion = 10.0.40219.1
Project("{FAE04EC0-301F-11D3-BF4B-00C04F79EFBC}") = "Síkidom", "Síkidom\Síkidom.csproj", "{47BC1E36-D97C-4FA1-8CB4-951FFBB81755}"
EndProject
Global
	GlobalSection(SolutionConfigurationPlatforms) = preSolution
		Debug|Any CPU = Debug|Any CPU
		Release|Any CPU = Release|Any CPU
	EndGlobalSection
	GlobalSection(ProjectConfigurationPlatforms) = postSolution
		{47BC1E36-D97C-4FA1-8CB4-951FFBB81755}.Debug|Any CPU.ActiveCfg = Debug|Any CPU
		{47BC1E36-D97C-4FA1-8CB4-951FFBB81755}.Debug|Any CPU.Build.0 = Debug|Any CPU
		{47BC1E36-D97C-4FA1-8CB4-951FFBB81755}.Release|Any CPU.ActiveCfg = Release|Any CPU
		{47BC1E36-D97C-4FA1-8CB4-951FFBB81755}.Release|Any CPU.Build.0 = Release|Any CPU
	EndGlobalSection
	GlobalSection(SolutionProperties) = preSolution
		HideSolutionNode = FALSE
	EndGlobalSection
	GlobalSection(ExtensibilityGlobals) = postSolution
		SolutionGuid = {91C8958B-DB86-454F-B52C-FC0DA8C998C2}
	EndGlobalSection
EndGlobal
